
Microsoft Visual Studio Solution File, Format Version 12.00
# Visual Studio Version 16
VisualStudioVersion = 16.0.30204.135
MinimumVisualStudioVersion = 10.0.40219.1
Project("{FAE04EC0-301F-11D3-BF4B-00C04F79EFBC}") = "Izuzetak", "Izuzetak\Izuzetak.csproj", "{EA66D873-ADF7-405A-8555-54327DE9F165}"
EndProject
Global
	GlobalSection(SolutionConfigurationPlatforms) = preSolution
		Debug|Any CPU = Debug|Any CPU
		Release|Any CPU = Release|Any CPU
	EndGlobalSection
	GlobalSection(ProjectConfigurationPlatforms) = postSolution
		{EA66D873-ADF7-405A-8555-54327DE9F165}.Debug|Any CPU.ActiveCfg = Debug|Any CPU
		{EA66D873-ADF7-405A-8555-54327DE9F165}.Debug|Any CPU.Build.0 = Debug|Any CPU
		{EA66D873-ADF7-405A-8555-54327DE9F165}.Release|Any CPU.ActiveCfg = Release|Any CPU
		{EA66D873-ADF7-405A-8555-54327DE9F165}.Release|Any CPU.Build.0 = Release|Any CPU
	EndGlobalSection
	GlobalSection(SolutionProperties) = preSolution
		HideSolutionNode = FALSE
	EndGlobalSection
	GlobalSection(ExtensibilityGlobals) = postSolution
		SolutionGuid = {41405DC9-E912-4290-84AD-1DD57C5A913E}
	EndGlobalSection
EndGlobal
